
Microsoft Visual Studio Solution File, Format Version 12.00
# Visual Studio Version 17
VisualStudioVersion = 17.0.31903.59
MinimumVisualStudioVersion = 10.0.40219.1
Project("{FAE04EC0-301F-11D3-BF4B-00C04F79EFBC}") = "Observatorio.API", "Observatorio.API\Observatorio.API.csproj", "{10EA4502-6BF4-48EF-8309-3FE8F92605ED}"
EndProject
Project("{FAE04EC0-301F-11D3-BF4B-00C04F79EFBC}") = "Observatorio.Domain", "Observatorio.Domain\Observatorio.Domain.csproj", "{57071DD8-0E41-4C66-8B30-F35F7D4FB014}"
EndProject
Project("{FAE04EC0-301F-11D3-BF4B-00C04F79EFBC}") = "Observatorio.Application", "Observatorio.Application\Observatorio.Application.csproj", "{2043DAD1-9138-47DF-B6EE-C27C6A015494}"
EndProject
Project("{FAE04EC0-301F-11D3-BF4B-00C04F79EFBC}") = "Observatorio.Infrastructure", "Observatorio.Infrastructure\Observatorio.Infrastructure.csproj", "{CE63201D-2FAF-473C-91B0-420DBD29F49F}"
EndProject
Global
	GlobalSection(SolutionConfigurationPlatforms) = preSolution
		Debug|Any CPU = Debug|Any CPU
		Release|Any CPU = Release|Any CPU
	EndGlobalSection
	GlobalSection(SolutionProperties) = preSolution
		HideSolutionNode = FALSE
	EndGlobalSection
	GlobalSection(ProjectConfigurationPlatforms) = postSolution
		{10EA4502-6BF4-48EF-8309-3FE8F92605ED}.Debug|Any CPU.ActiveCfg = Debug|Any CPU
		{10EA4502-6BF4-48EF-8309-3FE8F92605ED}.Debug|Any CPU.Build.0 = Debug|Any CPU
		{10EA4502-6BF4-48EF-8309-3FE8F92605ED}.Release|Any CPU.ActiveCfg = Release|Any CPU
		{10EA4502-6BF4-48EF-8309-3FE8F92605ED}.Release|Any CPU.Build.0 = Release|Any CPU
		{57071DD8-0E41-4C66-8B30-F35F7D4FB014}.Debug|Any CPU.ActiveCfg = Debug|Any CPU
		{57071DD8-0E41-4C66-8B30-F35F7D4FB014}.Debug|Any CPU.Build.0 = Debug|Any CPU
		{57071DD8-0E41-4C66-8B30-F35F7D4FB014}.Release|Any CPU.ActiveCfg = Release|Any CPU
		{57071DD8-0E41-4C66-8B30-F35F7D4FB014}.Release|Any CPU.Build.0 = Release|Any CPU
		{2043DAD1-9138-47DF-B6EE-C27C6A015494}.Debug|Any CPU.ActiveCfg = Debug|Any CPU
		{2043DAD1-9138-47DF-B6EE-C27C6A015494}.Debug|Any CPU.Build.0 = Debug|Any CPU
		{2043DAD1-9138-47DF-B6EE-C27C6A015494}.Release|Any CPU.ActiveCfg = Release|Any CPU
		{2043DAD1-9138-47DF-B6EE-C27C6A015494}.Release|Any CPU.Build.0 = Release|Any CPU
		{CE63201D-2FAF-473C-91B0-420DBD29F49F}.Debug|Any CPU.ActiveCfg = Debug|Any CPU
		{CE63201D-2FAF-473C-91B0-420DBD29F49F}.Debug|Any CPU.Build.0 = Debug|Any CPU
		{CE63201D-2FAF-473C-91B0-420DBD29F49F}.Release|Any CPU.ActiveCfg = Release|Any CPU
		{CE63201D-2FAF-473C-91B0-420DBD29F49F}.Release|Any CPU.Build.0 = Release|Any CPU
	EndGlobalSection
EndGlobal
